{
    "_readme": [
        "This file locks the dependencies of your project to a known state",
        "Read more about it at https://getcomposer.org/doc/01-basic-usage.md#installing-dependencies",
        "This file is @generated automatically"
    ],
    "content-hash": "c278326438b311ec1a6f4f1c53a53ec6",
    "packages": [
        {
            "name": "ngframer/ngframer.php.dbservices",
            "version": "v1.4.1",
            "source": {
                "type": "git",
                "url": "https://github.com/ngframer/ngframer.php.dbservices.git",
                "reference": "5b4000588a0834a8140ec0a100fa0de0bfab161a"
            },
            "dist": {
                "type": "zip",
                "url": "https://api.github.com/repos/ngframer/ngframer.php.dbservices/zipball/5b4000588a0834a8140ec0a100fa0de0bfab161a",
                "reference": "5b4000588a0834a8140ec0a100fa0de0bfab161a",
                "shasum": ""
            },
            "require": {
                "ext-pdo": "*",
                "ngframer/ngframer.php.exceptions": "~v1.3.0"
            },
            "type": "library",
            "autoload": {
                "psr-4": {
                    "NGFramer\\NGFramerPHPDbServices\\": "/"
                }
            },
            "notification-url": "https://packagist.org/downloads/",
            "license": [
                "MIT"
            ],
            "authors": [
                {
                    "name": "NG Framer",
                    "homepage": "https://github.com/ngframer"
                },
                {
                    "name": "Kishor Neupane",
                    "homepage": "https://github.com/neupkishor"
                }
            ],
            "description": "Simple yet powerful database layer for PHP.",
            "support": {
                "issues": "https://github.com/ngframer/ngframer.php.dbservices/issues",
                "source": "https://github.com/ngframer/ngframer.php.dbservices/tree/v1.4.1"
            },
            "time": "2024-08-19T02:59:18+00:00"
        },
        {
            "name": "ngframer/ngframer.php.exceptions",
            "version": "v1.3.1",
            "source": {
                "type": "git",
                "url": "https://github.com/ngframer/ngframer.php.exceptions.git",
                "reference": "eac95fe000ee18b18461dfb4da4be4e0cd380cf6"
            },
            "dist": {
                "type": "zip",
                "url": "https://api.github.com/repos/ngframer/ngframer.php.exceptions/zipball/eac95fe000ee18b18461dfb4da4be4e0cd380cf6",
                "reference": "eac95fe000ee18b18461dfb4da4be4e0cd380cf6",
                "shasum": ""
            },
            "require": {
                "ext-json": "*"
            },
            "type": "library",
            "autoload": {
                "files": [],
                "psr-0": [],
                "psr-4": {
                    "NGFramer\\NGFramerPHPExceptions\\": ""
                },
                "classmap": [],
                "exclude-from-classmap": []
            },
            "notification-url": "https://packagist.org/downloads/",
            "license": [
                "MIT"
            ],
            "authors": [
                {
                    "name": "NG Framer",
                    "homepage": "https://github.com/ngframer"
                },
                {
                    "name": "Kishor Neupane",
                    "homepage": "https://github.com/neupkishor"
                }
            ],
            "description": "Exception and Exception handler for all the NGFramer projects and mostly used Exceptions and Exception handlers.",
            "support": {
                "issues": "https://github.com/ngframer/ngframer.php.exceptions/issues",
                "source": "https://github.com/ngframer/ngframer.php.exceptions/tree/v1.3.1"
            },
            "time": "2024-07-31T16:45:47+00:00"
        },
        {
            "name": "ngframer/ngframer.php.sqlservices",
            "version": "v2.1.0",
            "source": {
                "type": "git",
                "url": "https://github.com/ngframer/ngframer.php.sqlservices.git",
                "reference": "0d5c3aba5e7f67d45357a65a5102a04e793856cc"
            },
            "dist": {
                "type": "zip",
                "url": "https://api.github.com/repos/ngframer/ngframer.php.sqlservices/zipball/0d5c3aba5e7f67d45357a65a5102a04e793856cc",
                "reference": "0d5c3aba5e7f67d45357a65a5102a04e793856cc",
                "shasum": ""
            },
            "require": {
                "ext-pdo": "*",
                "ngframer/ngframer.php.dbservices": "~v1.4.1",
                "ngframer/ngframer.php.exceptions": "~v1.3.0"
            },
            "type": "library",
            "autoload": {
                "files": [
                    "init.php"
                ],
                "psr-4": {
                    "NGFramer\\NGFramerPHPSQLServices\\": ""
                }
            },
            "notification-url": "https://packagist.org/downloads/",
            "license": [
                "MIT"
            ],
            "authors": [
                {
                    "name": "NG Framer",
                    "homepage": "https://github.com/ngframer"
                },
                {
                    "name": "Kishor Neupane",
                    "homepage": "https://github.com/neupkishor"
                }
            ],
            "description": "Build all the SQL queries using PHP, and also an executor.",
            "support": {
                "issues": "https://github.com/ngframer/ngframer.php.sqlservices/issues",
                "source": "https://github.com/ngframer/ngframer.php.sqlservices/tree/v2.1.0"
            },
            "time": "2024-08-20T14:21:28+00:00"
        }
    ],
    "packages-dev": [],
    "aliases": [],
    "minimum-stability": "stable",
    "stability-flags": [],
    "prefer-stable": false,
    "prefer-lowest": false,
    "platform": [],
    "platform-dev": [],
    "plugin-api-version": "2.6.0"
}
